// !$*UTF8*$!
{
	archiveVersion = 1;
	classes = {
	};
	objectVersion = 46;
	objects = {

/* Begin PBXBuildFile section */
		22CF122B0EE9AAAD0054F513 /* dmx485.m in Sources */ = {isa = PBXBuildFile; fileRef = 22CF122A0EE9AAAD0054F513 /* dmx485.m */; };
		3111EBA019391D67007F1A91 /* ftd2xx.cfg in Resources */ = {isa = PBXBuildFile; fileRef = 31DDC35F193883D3003910AC /* ftd2xx.cfg */; };
		3111EBA119391D67007F1A91 /* ftd2xx.h in Headers */ = {isa = PBXBuildFile; fileRef = 31DDC360193883D3003910AC /* ftd2xx.h */; };
		3111EBA219391D67007F1A91 /* WinTypes.h in Headers */ = {isa = PBXBuildFile; fileRef = 31DDC362193883D3003910AC /* WinTypes.h */; };
		3111EBA519391DB6007F1A91 /* dm2xx.h in Headers */ = {isa = PBXBuildFile; fileRef = 31DDC36D193885C4003910AC /* dm2xx.h */; };
		3111EBA619391DB6007F1A91 /* dm2xx.m in Sources */ = {isa = PBXBuildFile; fileRef = 31DDC36E193885C4003910AC /* dm2xx.m */; };
		31BFBCA2193C9FE300E18CA0 /* libftd2xx.1.2.2.dylib in Frameworks */ = {isa = PBXBuildFile; fileRef = 31BFBCA1193C9FE300E18CA0 /* libftd2xx.1.2.2.dylib */; };
/* End PBXBuildFile section */

/* Begin PBXCopyFilesBuildPhase section */
		31DDC371193886CA003910AC /* CopyFiles */ = {
			isa = PBXCopyFilesBuildPhase;
			buildActionMask = 2147483647;
			dstPath = "";
			dstSubfolderSpec = 10;
			files = (
			);
			runOnlyForDeploymentPostprocessing = 0;
		};
/* End PBXCopyFilesBuildPhase section */

/* Begin PBXFileReference section */
		22CF122A0EE9AAAD0054F513 /* dmx485.m */ = {isa = PBXFileReference; fileEncoding = 4; lastKnownFileType = sourcecode.c.objc; path = dmx485.m; sourceTree = "<group>"; };
		2FBBEAE508F335360078DB84 /* dmx485.mxo */ = {isa = PBXFileReference; explicitFileType = wrapper.cfbundle; includeInIndex = 0; path = dmx485.mxo; sourceTree = BUILT_PRODUCTS_DIR; };
		3101AF611E4656BC0065DD5D /* maxmspsdk.xcconfig */ = {isa = PBXFileReference; fileEncoding = 4; lastKnownFileType = text.xcconfig; path = maxmspsdk.xcconfig; sourceTree = "<group>"; };
		310243AA1E46596700D29F5E /* Info.plist */ = {isa = PBXFileReference; fileEncoding = 4; lastKnownFileType = text.plist.xml; path = Info.plist; sourceTree = "<group>"; };
		31BFBCA1193C9FE300E18CA0 /* libftd2xx.1.2.2.dylib */ = {isa = PBXFileReference; lastKnownFileType = "compiled.mach-o.dylib"; name = libftd2xx.1.2.2.dylib; path = FTDI/libftd2xx.1.2.2.dylib; sourceTree = "<group>"; };
		31DDC35F193883D3003910AC /* ftd2xx.cfg */ = {isa = PBXFileReference; fileEncoding = 4; lastKnownFileType = text; name = ftd2xx.cfg; path = FTDI/ftd2xx.cfg; sourceTree = "<group>"; };
		31DDC360193883D3003910AC /* ftd2xx.h */ = {isa = PBXFileReference; fileEncoding = 4; lastKnownFileType = sourcecode.c.h; name = ftd2xx.h; path = FTDI/ftd2xx.h; sourceTree = "<group>"; };
		31DDC362193883D3003910AC /* WinTypes.h */ = {isa = PBXFileReference; fileEncoding = 4; lastKnownFileType = sourcecode.c.h; name = WinTypes.h; path = FTDI/WinTypes.h; sourceTree = "<group>"; };
		31DDC36D193885C4003910AC /* dm2xx.h */ = {isa = PBXFileReference; fileEncoding = 4; lastKnownFileType = sourcecode.c.h; path = dm2xx.h; sourceTree = "<group>"; };
		31DDC36E193885C4003910AC /* dm2xx.m */ = {isa = PBXFileReference; fileEncoding = 4; lastKnownFileType = sourcecode.c.objc; path = dm2xx.m; sourceTree = "<group>"; };
/* End PBXFileReference section */

/* Begin PBXFrameworksBuildPhase section */
		2FBBEADC08F335360078DB84 /* Frameworks */ = {
			isa = PBXFrameworksBuildPhase;
			buildActionMask = 2147483647;
			files = (
				31BFBCA2193C9FE300E18CA0 /* libftd2xx.1.2.2.dylib in Frameworks */,
			);
			runOnlyForDeploymentPostprocessing = 0;
		};
/* End PBXFrameworksBuildPhase section */

/* Begin PBXGroup section */
		089C166AFE841209C02AAC07 /* iterator */ = {
			isa = PBXGroup;
			children = (
				310243AA1E46596700D29F5E /* Info.plist */,
				3101AF611E4656BC0065DD5D /* maxmspsdk.xcconfig */,
				22CF122A0EE9AAAD0054F513 /* dmx485.m */,
				31DDC36C193885C4003910AC /* d2xx */,
				19C28FB4FE9D528D11CA2CBB /* Products */,
				31DDC358193883AB003910AC /* FTDI */,
			);
			name = iterator;
			sourceTree = "<group>";
		};
		19C28FB4FE9D528D11CA2CBB /* Products */ = {
			isa = PBXGroup;
			children = (
				2FBBEAE508F335360078DB84 /* dmx485.mxo */,
			);
			name = Products;
			sourceTree = "<group>";
		};
		31DDC358193883AB003910AC /* FTDI */ = {
			isa = PBXGroup;
			children = (
				31DDC35F193883D3003910AC /* ftd2xx.cfg */,
				31DDC360193883D3003910AC /* ftd2xx.h */,
				31DDC362193883D3003910AC /* WinTypes.h */,
				31BFBCA1193C9FE300E18CA0 /* libftd2xx.1.2.2.dylib */,
			);
			name = FTDI;
			sourceTree = "<group>";
		};
		31DDC36C193885C4003910AC /* d2xx */ = {
			isa = PBXGroup;
			children = (
				31DDC36D193885C4003910AC /* dm2xx.h */,
				31DDC36E193885C4003910AC /* dm2xx.m */,
			);
			path = d2xx;
			sourceTree = "<group>";
		};
/* End PBXGroup section */

/* Begin PBXHeadersBuildPhase section */
		2FBBEAD708F335360078DB84 /* Headers */ = {
			isa = PBXHeadersBuildPhase;
			buildActionMask = 2147483647;
			files = (
				3111EBA519391DB6007F1A91 /* dm2xx.h in Headers */,
				3111EBA119391D67007F1A91 /* ftd2xx.h in Headers */,
				3111EBA219391D67007F1A91 /* WinTypes.h in Headers */,
			);
			runOnlyForDeploymentPostprocessing = 0;
		};
/* End PBXHeadersBuildPhase section */

/* Begin PBXNativeTarget section */
		2FBBEAD608F335360078DB84 /* max-external */ = {
			isa = PBXNativeTarget;
			buildConfigurationList = 2FBBEAE008F335360078DB84 /* Build configuration list for PBXNativeTarget "max-external" */;
			buildPhases = (
				2FBBEAD708F335360078DB84 /* Headers */,
				2FBBEAD808F335360078DB84 /* Resources */,
				2FBBEADA08F335360078DB84 /* Sources */,
				2FBBEADC08F335360078DB84 /* Frameworks */,
				2FBBEADF08F335360078DB84 /* Rez */,
				31DDC37319388718003910AC /* ShellScript */,
				31DDC371193886CA003910AC /* CopyFiles */,
			);
			buildRules = (
			);
			dependencies = (
			);
			name = "max-external";
			productName = iterator;
			productReference = 2FBBEAE508F335360078DB84 /* dmx485.mxo */;
			productType = "com.apple.product-type.bundle";
		};
/* End PBXNativeTarget section */

/* Begin PBXProject section */
		089C1669FE841209C02AAC07 /* Project object */ = {
			isa = PBXProject;
			attributes = {
				LastUpgradeCheck = 0720;
			};
			buildConfigurationList = 2FBBEACF08F335010078DB84 /* Build configuration list for PBXProject "dmx485" */;
			compatibilityVersion = "Xcode 3.2";
			developmentRegion = English;
			hasScannedForEncodings = 1;
			knownRegions = (
				en,
			);
			mainGroup = 089C166AFE841209C02AAC07 /* iterator */;
			projectDirPath = "";
			projectRoot = "";
			targets = (
				2FBBEAD608F335360078DB84 /* max-external */,
			);
		};
/* End PBXProject section */

/* Begin PBXResourcesBuildPhase section */
		2FBBEAD808F335360078DB84 /* Resources */ = {
			isa = PBXResourcesBuildPhase;
			buildActionMask = 2147483647;
			files = (
				3111EBA019391D67007F1A91 /* ftd2xx.cfg in Resources */,
			);
			runOnlyForDeploymentPostprocessing = 0;
		};
/* End PBXResourcesBuildPhase section */

/* Begin PBXRezBuildPhase section */
		2FBBEADF08F335360078DB84 /* Rez */ = {
			isa = PBXRezBuildPhase;
			buildActionMask = 2147483647;
			files = (
			);
			runOnlyForDeploymentPostprocessing = 0;
		};
/* End PBXRezBuildPhase section */

/* Begin PBXShellScriptBuildPhase section */
		31DDC37319388718003910AC /* ShellScript */ = {
			isa = PBXShellScriptBuildPhase;
			buildActionMask = 12;
			files = (
			);
			inputPaths = (
			);
			outputPaths = (
			);
			runOnlyForDeploymentPostprocessing = 0;
			shellPath = /bin/sh;
			shellScript = "#echo path $EXECUTABLE_PATH\n#install_name_tool -id libftd2xx.1.2.2.dylib libftd2xx.1.2.2.dylib";
		};
/* End PBXShellScriptBuildPhase section */

/* Begin PBXSourcesBuildPhase section */
		2FBBEADA08F335360078DB84 /* Sources */ = {
			isa = PBXSourcesBuildPhase;
			buildActionMask = 2147483647;
			files = (
				22CF122B0EE9AAAD0054F513 /* dmx485.m in Sources */,
				3111EBA619391DB6007F1A91 /* dm2xx.m in Sources */,
			);
			runOnlyForDeploymentPostprocessing = 0;
		};
/* End PBXSourcesBuildPhase section */

/* Begin XCBuildConfiguration section */
		2FBBEAD008F335010078DB84 /* Development */ = {
			isa = XCBuildConfiguration;
			baseConfigurationReference = 3101AF611E4656BC0065DD5D /* maxmspsdk.xcconfig */;
			buildSettings = {
				ENABLE_TESTABILITY = YES;
				MACOSX_DEPLOYMENT_TARGET = 10.6;
				ONLY_ACTIVE_ARCH = YES;
			};
			name = Development;
		};
		2FBBEAD108F335010078DB84 /* Deployment */ = {
			isa = XCBuildConfiguration;
			baseConfigurationReference = 3101AF611E4656BC0065DD5D /* maxmspsdk.xcconfig */;
			buildSettings = {
				MACOSX_DEPLOYMENT_TARGET = 10.6;
			};
			name = Deployment;
		};
		2FBBEAE108F335360078DB84 /* Development */ = {
			isa = XCBuildConfiguration;
			baseConfigurationReference = 3101AF611E4656BC0065DD5D /* maxmspsdk.xcconfig */;
			buildSettings = {
				COMBINE_HIDPI_IMAGES = YES;
				COPY_PHASE_STRIP = NO;
				GCC_OPTIMIZATION_LEVEL = 0;
				HEADER_SEARCH_PATHS = "";
				LIBRARY_SEARCH_PATHS = (
					"$(inherited)",
					"$(PROJECT_DIR)",
					"$(PROJECT_DIR)/FTDI",
				);
				ONLY_ACTIVE_ARCH = NO;
				OTHER_LDFLAGS = "$(C74_SYM_LINKER_FLAGS)";
				PRODUCT_BUNDLE_IDENTIFIER = "com.cycling74.${PRODUCT_NAME:rfc1034identifier}";
				PRODUCT_NAME = dmx485;
				SDKROOT = macosx;
			};
			name = Development;
		};
		2FBBEAE208F335360078DB84 /* Deployment */ = {
			isa = XCBuildConfiguration;
			baseConfigurationReference = 3101AF611E4656BC0065DD5D /* maxmspsdk.xcconfig */;
			buildSettings = {
				COMBINE_HIDPI_IMAGES = YES;
				COPY_PHASE_STRIP = YES;
				HEADER_SEARCH_PATHS = "";
				LIBRARY_SEARCH_PATHS = (
					"$(inherited)",
					"$(PROJECT_DIR)",
					"$(PROJECT_DIR)/FTDI",
				);
				ONLY_ACTIVE_ARCH = NO;
				OTHER_LDFLAGS = "$(C74_SYM_LINKER_FLAGS)";
				PRODUCT_BUNDLE_IDENTIFIER = "com.cycling74.${PRODUCT_NAME:rfc1034identifier}";
				PRODUCT_NAME = dmx485;
				SDKROOT = macosx;
			};
			name = Deployment;
		};
/* End XCBuildConfiguration section */

/* Begin XCConfigurationList section */
		2FBBEACF08F335010078DB84 /* Build configuration list for PBXProject "dmx485" */ = {
			isa = XCConfigurationList;
			buildConfigurations = (
				2FBBEAD008F335010078DB84 /* Development */,
				2FBBEAD108F335010078DB84 /* Deployment */,
			);
			defaultConfigurationIsVisible = 0;
			defaultConfigurationName = Development;
		};
		2FBBEAE008F335360078DB84 /* Build configuration list for PBXNativeTarget "max-external" */ = {
			isa = XCConfigurationList;
			buildConfigurations = (
				2FBBEAE108F335360078DB84 /* Development */,
				2FBBEAE208F335360078DB84 /* Deployment */,
			);
			defaultConfigurationIsVisible = 0;
			defaultConfigurationName = Development;
		};
/* End XCConfigurationList section */
	};
	rootObject = 089C1669FE841209C02AAC07 /* Project object */;
}
